
Microsoft Visual Studio Solution File, Format Version 12.00
# Visual Studio Version 16
VisualStudioVersion = 16.0.31019.35
MinimumVisualStudioVersion = 10.0.40219.1
Project("{8BC9CEB8-8B4A-11D0-8D11-00A0C91BC942}") = "Remove Duplicates from Sorted Array", "Remove Duplicates from Sorted Array\Remove Duplicates from Sorted Array.vcxproj", "{0890DAB3-D07F-4B26-971C-085A00CB30CF}"
EndProject
Project("{8BC9CEB8-8B4A-11D0-8D11-00A0C91BC942}") = "Best Time to Buy and Sell Stock II", "Best Time to Buy and Sell Stock II\Best Time to Buy and Sell Stock II.vcxproj", "{454A1057-6130-4916-8C8C-8C610B80FC0C}"
EndProject
Project("{8BC9CEB8-8B4A-11D0-8D11-00A0C91BC942}") = "Rotate Array", "Rotate Array\Rotate Array.vcxproj", "{D84C3EE3-04C6-4A4D-A423-E17544C0021E}"
EndProject
Project("{8BC9CEB8-8B4A-11D0-8D11-00A0C91BC942}") = "Contains Duplicate", "Contains Duplicate\Contains Duplicate.vcxproj", "{046667B1-F8F5-49EA-AE35-5A9774793951}"
EndProject
Project("{8BC9CEB8-8B4A-11D0-8D11-00A0C91BC942}") = "Single Number", "Single Number\Single Number.vcxproj", "{281E2922-13D2-4D45-8141-3E35B7E0E185}"
EndProject
Project("{8BC9CEB8-8B4A-11D0-8D11-00A0C91BC942}") = "Intersection of Two Arrays II", "Intersection of Two Arrays II\Intersection of Two Arrays II.vcxproj", "{65DD74A6-6521-42B3-B751-52A79A4584E6}"
EndProject
Project("{8BC9CEB8-8B4A-11D0-8D11-00A0C91BC942}") = "Plus One", "Plus One\Plus One.vcxproj", "{CC56DB33-5989-4A60-995F-607932AE7A0A}"
EndProject
Project("{8BC9CEB8-8B4A-11D0-8D11-00A0C91BC942}") = "Move Zeroes", "Move Zeroes\Move Zeroes.vcxproj", "{F5E16929-638E-4DDA-B76B-99B6A07953D1}"
EndProject
Project("{8BC9CEB8-8B4A-11D0-8D11-00A0C91BC942}") = "Two Sum", "Two Sum\Two Sum.vcxproj", "{252B2485-8ED5-4885-87D8-4E87E3332582}"
EndProject
Project("{8BC9CEB8-8B4A-11D0-8D11-00A0C91BC942}") = "Valid Sudoku", "Valid Sudoku\Valid Sudoku.vcxproj", "{7C0CBC0A-8CBD-4729-BFB1-DE747FC083DE}"
EndProject
Project("{8BC9CEB8-8B4A-11D0-8D11-00A0C91BC942}") = "Rotate Image", "Rotate Image\Rotate Image.vcxproj", "{438674F6-6752-4C1A-9F13-B600A34A1E95}"
EndProject
Project("{2150E333-8FDC-42A3-9474-1A3956D46DE8}") = "Array", "Array", "{26485543-5823-4739-9AA8-EE3A286B08D4}"
EndProject
Project("{2150E333-8FDC-42A3-9474-1A3956D46DE8}") = "String", "String", "{BA7D6354-248A-4220-B5B4-D9A4AA2E6392}"
EndProject
Project("{8BC9CEB8-8B4A-11D0-8D11-00A0C91BC942}") = "Reverse String", "Reverse String\Reverse String.vcxproj", "{C1C1EF7F-D4E6-4F7E-A00F-588A13B51586}"
EndProject
Project("{8BC9CEB8-8B4A-11D0-8D11-00A0C91BC942}") = "Reverse Integer", "Reverse Integer\Reverse Integer.vcxproj", "{CA5525AB-B09E-45D3-8ECB-75773FB73E80}"
EndProject
Project("{8BC9CEB8-8B4A-11D0-8D11-00A0C91BC942}") = "First Unique Character in a String", "First Unique Character in a String\First Unique Character in a String.vcxproj", "{0D6D9A40-D96A-4038-BE11-F526346E4E94}"
EndProject
Project("{8BC9CEB8-8B4A-11D0-8D11-00A0C91BC942}") = "Valid Anagram", "Valid Anagram\Valid Anagram.vcxproj", "{73113DF5-8422-4C08-8A76-E71C6307AF81}"
EndProject
Project("{8BC9CEB8-8B4A-11D0-8D11-00A0C91BC942}") = "Valid Palindrome", "Valid Palindrome\Valid Palindrome.vcxproj", "{E53680F0-CD1C-4E10-8850-9D9BD5BD3BE6}"
EndProject
Project("{2150E333-8FDC-42A3-9474-1A3956D46DE8}") = "Linked List", "Linked List", "{7716A47F-B94E-4EE1-8C08-B91D5877D4E1}"
EndProject
Project("{8BC9CEB8-8B4A-11D0-8D11-00A0C91BC942}") = "Delete Node in a Linked List", "Delete Node in a Linked List\Delete Node in a Linked List.vcxproj", "{0C76C88D-552A-4E76-8B88-96F40D317DF7}"
EndProject
Project("{8BC9CEB8-8B4A-11D0-8D11-00A0C91BC942}") = "Remove Nth Node From End of List", "Remove Nth Node From End of List\Remove Nth Node From End of List.vcxproj", "{1607DDB1-D02A-4418-8653-7C7230BD25E6}"
EndProject
Project("{8BC9CEB8-8B4A-11D0-8D11-00A0C91BC942}") = "Maximum Depth of Binary Tree", "Maximum Depth of Binary Tree\Maximum Depth of Binary Tree.vcxproj", "{18A6E9E3-A5FF-4F07-8DEB-37CB03ED9E39}"
EndProject
Project("{2150E333-8FDC-42A3-9474-1A3956D46DE8}") = "Trees", "Trees", "{1E7A1C04-C394-4852-9011-FCD79D29F4AA}"
EndProject
Project("{2150E333-8FDC-42A3-9474-1A3956D46DE8}") = "Sorting and Searching", "Sorting and Searching", "{025EC1F7-1B33-4D04-8189-8A58412D2AC0}"
EndProject
Project("{8BC9CEB8-8B4A-11D0-8D11-00A0C91BC942}") = "Merge Sorted Array", "Merge Sorted Array\Merge Sorted Array.vcxproj", "{D1FD94C9-B493-447F-B5CC-035E007631A6}"
EndProject
Project("{2150E333-8FDC-42A3-9474-1A3956D46DE8}") = "Interview", "Interview", "{108155FC-03E9-4A60-A9E5-FBB328B34DAD}"
EndProject
Project("{8BC9CEB8-8B4A-11D0-8D11-00A0C91BC942}") = "Coins Combinations", "ConsoleApplication1\ConsoleApplication1.vcxproj", "{3DCD8DEB-7EBA-488B-B67A-2AE956368D5C}"
EndProject
Project("{8BC9CEB8-8B4A-11D0-8D11-00A0C91BC942}") = "ThreeSum", "ThreeSum\ThreeSum.vcxproj", "{6C8BDAD6-87F3-40FD-9B06-87056A94D2CF}"
EndProject
Global
	GlobalSection(SolutionConfigurationPlatforms) = preSolution
		Debug|x64 = Debug|x64
		Debug|x86 = Debug|x86
		Release|x64 = Release|x64
		Release|x86 = Release|x86
	EndGlobalSection
	GlobalSection(ProjectConfigurationPlatforms) = postSolution
		{0890DAB3-D07F-4B26-971C-085A00CB30CF}.Debug|x64.ActiveCfg = Debug|x64
		{0890DAB3-D07F-4B26-971C-085A00CB30CF}.Debug|x64.Build.0 = Debug|x64
		{0890DAB3-D07F-4B26-971C-085A00CB30CF}.Debug|x86.ActiveCfg = Debug|Win32
		{0890DAB3-D07F-4B26-971C-085A00CB30CF}.Debug|x86.Build.0 = Debug|Win32
		{0890DAB3-D07F-4B26-971C-085A00CB30CF}.Release|x64.ActiveCfg = Release|x64
		{0890DAB3-D07F-4B26-971C-085A00CB30CF}.Release|x64.Build.0 = Release|x64
		{0890DAB3-D07F-4B26-971C-085A00CB30CF}.Release|x86.ActiveCfg = Release|Win32
		{0890DAB3-D07F-4B26-971C-085A00CB30CF}.Release|x86.Build.0 = Release|Win32
		{454A1057-6130-4916-8C8C-8C610B80FC0C}.Debug|x64.ActiveCfg = Debug|x64
		{454A1057-6130-4916-8C8C-8C610B80FC0C}.Debug|x64.Build.0 = Debug|x64
		{454A1057-6130-4916-8C8C-8C610B80FC0C}.Debug|x86.ActiveCfg = Debug|Win32
		{454A1057-6130-4916-8C8C-8C610B80FC0C}.Debug|x86.Build.0 = Debug|Win32
		{454A1057-6130-4916-8C8C-8C610B80FC0C}.Release|x64.ActiveCfg = Release|x64
		{454A1057-6130-4916-8C8C-8C610B80FC0C}.Release|x64.Build.0 = Release|x64
		{454A1057-6130-4916-8C8C-8C610B80FC0C}.Release|x86.ActiveCfg = Release|Win32
		{454A1057-6130-4916-8C8C-8C610B80FC0C}.Release|x86.Build.0 = Release|Win32
		{D84C3EE3-04C6-4A4D-A423-E17544C0021E}.Debug|x64.ActiveCfg = Debug|x64
		{D84C3EE3-04C6-4A4D-A423-E17544C0021E}.Debug|x64.Build.0 = Debug|x64
		{D84C3EE3-04C6-4A4D-A423-E17544C0021E}.Debug|x86.ActiveCfg = Debug|Win32
		{D84C3EE3-04C6-4A4D-A423-E17544C0021E}.Debug|x86.Build.0 = Debug|Win32
		{D84C3EE3-04C6-4A4D-A423-E17544C0021E}.Release|x64.ActiveCfg = Release|x64
		{D84C3EE3-04C6-4A4D-A423-E17544C0021E}.Release|x64.Build.0 = Release|x64
		{D84C3EE3-04C6-4A4D-A423-E17544C0021E}.Release|x86.ActiveCfg = Release|Win32
		{D84C3EE3-04C6-4A4D-A423-E17544C0021E}.Release|x86.Build.0 = Release|Win32
		{046667B1-F8F5-49EA-AE35-5A9774793951}.Debug|x64.ActiveCfg = Debug|x64
		{046667B1-F8F5-49EA-AE35-5A9774793951}.Debug|x64.Build.0 = Debug|x64
		{046667B1-F8F5-49EA-AE35-5A9774793951}.Debug|x86.ActiveCfg = Debug|Win32
		{046667B1-F8F5-49EA-AE35-5A9774793951}.Debug|x86.Build.0 = Debug|Win32
		{046667B1-F8F5-49EA-AE35-5A9774793951}.Release|x64.ActiveCfg = Release|x64
		{046667B1-F8F5-49EA-AE35-5A9774793951}.Release|x64.Build.0 = Release|x64
		{046667B1-F8F5-49EA-AE35-5A9774793951}.Release|x86.ActiveCfg = Release|Win32
		{046667B1-F8F5-49EA-AE35-5A9774793951}.Release|x86.Build.0 = Release|Win32
		{281E2922-13D2-4D45-8141-3E35B7E0E185}.Debug|x64.ActiveCfg = Debug|x64
		{281E2922-13D2-4D45-8141-3E35B7E0E185}.Debug|x64.Build.0 = Debug|x64
		{281E2922-13D2-4D45-8141-3E35B7E0E185}.Debug|x86.ActiveCfg = Debug|Win32
		{281E2922-13D2-4D45-8141-3E35B7E0E185}.Debug|x86.Build.0 = Debug|Win32
		{281E2922-13D2-4D45-8141-3E35B7E0E185}.Release|x64.ActiveCfg = Release|x64
		{281E2922-13D2-4D45-8141-3E35B7E0E185}.Release|x64.Build.0 = Release|x64
		{281E2922-13D2-4D45-8141-3E35B7E0E185}.Release|x86.ActiveCfg = Release|Win32
		{281E2922-13D2-4D45-8141-3E35B7E0E185}.Release|x86.Build.0 = Release|Win32
		{65DD74A6-6521-42B3-B751-52A79A4584E6}.Debug|x64.ActiveCfg = Debug|x64
		{65DD74A6-6521-42B3-B751-52A79A4584E6}.Debug|x64.Build.0 = Debug|x64
		{65DD74A6-6521-42B3-B751-52A79A4584E6}.Debug|x86.ActiveCfg = Debug|Win32
		{65DD74A6-6521-42B3-B751-52A79A4584E6}.Debug|x86.Build.0 = Debug|Win32
		{65DD74A6-6521-42B3-B751-52A79A4584E6}.Release|x64.ActiveCfg = Release|x64
		{65DD74A6-6521-42B3-B751-52A79A4584E6}.Release|x64.Build.0 = Release|x64
		{65DD74A6-6521-42B3-B751-52A79A4584E6}.Release|x86.ActiveCfg = Release|Win32
		{65DD74A6-6521-42B3-B751-52A79A4584E6}.Release|x86.Build.0 = Release|Win32
		{CC56DB33-5989-4A60-995F-607932AE7A0A}.Debug|x64.ActiveCfg = Debug|x64
		{CC56DB33-5989-4A60-995F-607932AE7A0A}.Debug|x64.Build.0 = Debug|x64
		{CC56DB33-5989-4A60-995F-607932AE7A0A}.Debug|x86.ActiveCfg = Debug|Win32
		{CC56DB33-5989-4A60-995F-607932AE7A0A}.Debug|x86.Build.0 = Debug|Win32
		{CC56DB33-5989-4A60-995F-607932AE7A0A}.Release|x64.ActiveCfg = Release|x64
		{CC56DB33-5989-4A60-995F-607932AE7A0A}.Release|x64.Build.0 = Release|x64
		{CC56DB33-5989-4A60-995F-607932AE7A0A}.Release|x86.ActiveCfg = Release|Win32
		{CC56DB33-5989-4A60-995F-607932AE7A0A}.Release|x86.Build.0 = Release|Win32
		{F5E16929-638E-4DDA-B76B-99B6A07953D1}.Debug|x64.ActiveCfg = Debug|x64
		{F5E16929-638E-4DDA-B76B-99B6A07953D1}.Debug|x64.Build.0 = Debug|x64
		{F5E16929-638E-4DDA-B76B-99B6A07953D1}.Debug|x86.ActiveCfg = Debug|Win32
		{F5E16929-638E-4DDA-B76B-99B6A07953D1}.Debug|x86.Build.0 = Debug|Win32
		{F5E16929-638E-4DDA-B76B-99B6A07953D1}.Release|x64.ActiveCfg = Release|x64
		{F5E16929-638E-4DDA-B76B-99B6A07953D1}.Release|x64.Build.0 = Release|x64
		{F5E16929-638E-4DDA-B76B-99B6A07953D1}.Release|x86.ActiveCfg = Release|Win32
		{F5E16929-638E-4DDA-B76B-99B6A07953D1}.Release|x86.Build.0 = Release|Win32
		{252B2485-8ED5-4885-87D8-4E87E3332582}.Debug|x64.ActiveCfg = Debug|x64
		{252B2485-8ED5-4885-87D8-4E87E3332582}.Debug|x64.Build.0 = Debug|x64
		{252B2485-8ED5-4885-87D8-4E87E3332582}.Debug|x86.ActiveCfg = Debug|Win32
		{252B2485-8ED5-4885-87D8-4E87E3332582}.Debug|x86.Build.0 = Debug|Win32
		{252B2485-8ED5-4885-87D8-4E87E3332582}.Release|x64.ActiveCfg = Release|x64
		{252B2485-8ED5-4885-87D8-4E87E3332582}.Release|x64.Build.0 = Release|x64
		{252B2485-8ED5-4885-87D8-4E87E3332582}.Release|x86.ActiveCfg = Release|Win32
		{252B2485-8ED5-4885-87D8-4E87E3332582}.Release|x86.Build.0 = Release|Win32
		{7C0CBC0A-8CBD-4729-BFB1-DE747FC083DE}.Debug|x64.ActiveCfg = Debug|x64
		{7C0CBC0A-8CBD-4729-BFB1-DE747FC083DE}.Debug|x64.Build.0 = Debug|x64
		{7C0CBC0A-8CBD-4729-BFB1-DE747FC083DE}.Debug|x86.ActiveCfg = Debug|Win32
		{7C0CBC0A-8CBD-4729-BFB1-DE747FC083DE}.Debug|x86.Build.0 = Debug|Win32
		{7C0CBC0A-8CBD-4729-BFB1-DE747FC083DE}.Release|x64.ActiveCfg = Release|x64
		{7C0CBC0A-8CBD-4729-BFB1-DE747FC083DE}.Release|x64.Build.0 = Release|x64
		{7C0CBC0A-8CBD-4729-BFB1-DE747FC083DE}.Release|x86.ActiveCfg = Release|Win32
		{7C0CBC0A-8CBD-4729-BFB1-DE747FC083DE}.Release|x86.Build.0 = Release|Win32
		{438674F6-6752-4C1A-9F13-B600A34A1E95}.Debug|x64.ActiveCfg = Debug|x64
		{438674F6-6752-4C1A-9F13-B600A34A1E95}.Debug|x64.Build.0 = Debug|x64
		{438674F6-6752-4C1A-9F13-B600A34A1E95}.Debug|x86.ActiveCfg = Debug|Win32
		{438674F6-6752-4C1A-9F13-B600A34A1E95}.Debug|x86.Build.0 = Debug|Win32
		{438674F6-6752-4C1A-9F13-B600A34A1E95}.Release|x64.ActiveCfg = Release|x64
		{438674F6-6752-4C1A-9F13-B600A34A1E95}.Release|x64.Build.0 = Release|x64
		{438674F6-6752-4C1A-9F13-B600A34A1E95}.Release|x86.ActiveCfg = Release|Win32
		{438674F6-6752-4C1A-9F13-B600A34A1E95}.Release|x86.Build.0 = Release|Win32
		{C1C1EF7F-D4E6-4F7E-A00F-588A13B51586}.Debug|x64.ActiveCfg = Debug|x64
		{C1C1EF7F-D4E6-4F7E-A00F-588A13B51586}.Debug|x64.Build.0 = Debug|x64
		{C1C1EF7F-D4E6-4F7E-A00F-588A13B51586}.Debug|x86.ActiveCfg = Debug|Win32
		{C1C1EF7F-D4E6-4F7E-A00F-588A13B51586}.Debug|x86.Build.0 = Debug|Win32
		{C1C1EF7F-D4E6-4F7E-A00F-588A13B51586}.Release|x64.ActiveCfg = Release|x64
		{C1C1EF7F-D4E6-4F7E-A00F-588A13B51586}.Release|x64.Build.0 = Release|x64
		{C1C1EF7F-D4E6-4F7E-A00F-588A13B51586}.Release|x86.ActiveCfg = Release|Win32
		{C1C1EF7F-D4E6-4F7E-A00F-588A13B51586}.Release|x86.Build.0 = Release|Win32
		{CA5525AB-B09E-45D3-8ECB-75773FB73E80}.Debug|x64.ActiveCfg = Debug|x64
		{CA5525AB-B09E-45D3-8ECB-75773FB73E80}.Debug|x64.Build.0 = Debug|x64
		{CA5525AB-B09E-45D3-8ECB-75773FB73E80}.Debug|x86.ActiveCfg = Debug|Win32
		{CA5525AB-B09E-45D3-8ECB-75773FB73E80}.Debug|x86.Build.0 = Debug|Win32
		{CA5525AB-B09E-45D3-8ECB-75773FB73E80}.Release|x64.ActiveCfg = Release|x64
		{CA5525AB-B09E-45D3-8ECB-75773FB73E80}.Release|x64.Build.0 = Release|x64
		{CA5525AB-B09E-45D3-8ECB-75773FB73E80}.Release|x86.ActiveCfg = Release|Win32
		{CA5525AB-B09E-45D3-8ECB-75773FB73E80}.Release|x86.Build.0 = Release|Win32
		{0D6D9A40-D96A-4038-BE11-F526346E4E94}.Debug|x64.ActiveCfg = Debug|x64
		{0D6D9A40-D96A-4038-BE11-F526346E4E94}.Debug|x64.Build.0 = Debug|x64
		{0D6D9A40-D96A-4038-BE11-F526346E4E94}.Debug|x86.ActiveCfg = Debug|Win32
		{0D6D9A40-D96A-4038-BE11-F526346E4E94}.Debug|x86.Build.0 = Debug|Win32
		{0D6D9A40-D96A-4038-BE11-F526346E4E94}.Release|x64.ActiveCfg = Release|x64
		{0D6D9A40-D96A-4038-BE11-F526346E4E94}.Release|x64.Build.0 = Release|x64
		{0D6D9A40-D96A-4038-BE11-F526346E4E94}.Release|x86.ActiveCfg = Release|Win32
		{0D6D9A40-D96A-4038-BE11-F526346E4E94}.Release|x86.Build.0 = Release|Win32
		{73113DF5-8422-4C08-8A76-E71C6307AF81}.Debug|x64.ActiveCfg = Debug|x64
		{73113DF5-8422-4C08-8A76-E71C6307AF81}.Debug|x64.Build.0 = Debug|x64
		{73113DF5-8422-4C08-8A76-E71C6307AF81}.Debug|x86.ActiveCfg = Debug|Win32
		{73113DF5-8422-4C08-8A76-E71C6307AF81}.Debug|x86.Build.0 = Debug|Win32
		{73113DF5-8422-4C08-8A76-E71C6307AF81}.Release|x64.ActiveCfg = Release|x64
		{73113DF5-8422-4C08-8A76-E71C6307AF81}.Release|x64.Build.0 = Release|x64
		{73113DF5-8422-4C08-8A76-E71C6307AF81}.Release|x86.ActiveCfg = Release|Win32
		{73113DF5-8422-4C08-8A76-E71C6307AF81}.Release|x86.Build.0 = Release|Win32
		{E53680F0-CD1C-4E10-8850-9D9BD5BD3BE6}.Debug|x64.ActiveCfg = Debug|x64
		{E53680F0-CD1C-4E10-8850-9D9BD5BD3BE6}.Debug|x64.Build.0 = Debug|x64
		{E53680F0-CD1C-4E10-8850-9D9BD5BD3BE6}.Debug|x86.ActiveCfg = Debug|Win32
		{E53680F0-CD1C-4E10-8850-9D9BD5BD3BE6}.Debug|x86.Build.0 = Debug|Win32
		{E53680F0-CD1C-4E10-8850-9D9BD5BD3BE6}.Release|x64.ActiveCfg = Release|x64
		{E53680F0-CD1C-4E10-8850-9D9BD5BD3BE6}.Release|x64.Build.0 = Release|x64
		{E53680F0-CD1C-4E10-8850-9D9BD5BD3BE6}.Release|x86.ActiveCfg = Release|Win32
		{E53680F0-CD1C-4E10-8850-9D9BD5BD3BE6}.Release|x86.Build.0 = Release|Win32
		{0C76C88D-552A-4E76-8B88-96F40D317DF7}.Debug|x64.ActiveCfg = Debug|x64
		{0C76C88D-552A-4E76-8B88-96F40D317DF7}.Debug|x64.Build.0 = Debug|x64
		{0C76C88D-552A-4E76-8B88-96F40D317DF7}.Debug|x86.ActiveCfg = Debug|Win32
		{0C76C88D-552A-4E76-8B88-96F40D317DF7}.Debug|x86.Build.0 = Debug|Win32
		{0C76C88D-552A-4E76-8B88-96F40D317DF7}.Release|x64.ActiveCfg = Release|x64
		{0C76C88D-552A-4E76-8B88-96F40D317DF7}.Release|x64.Build.0 = Release|x64
		{0C76C88D-552A-4E76-8B88-96F40D317DF7}.Release|x86.ActiveCfg = Release|Win32
		{0C76C88D-552A-4E76-8B88-96F40D317DF7}.Release|x86.Build.0 = Release|Win32
		{1607DDB1-D02A-4418-8653-7C7230BD25E6}.Debug|x64.ActiveCfg = Debug|x64
		{1607DDB1-D02A-4418-8653-7C7230BD25E6}.Debug|x64.Build.0 = Debug|x64
		{1607DDB1-D02A-4418-8653-7C7230BD25E6}.Debug|x86.ActiveCfg = Debug|Win32
		{1607DDB1-D02A-4418-8653-7C7230BD25E6}.Debug|x86.Build.0 = Debug|Win32
		{1607DDB1-D02A-4418-8653-7C7230BD25E6}.Release|x64.ActiveCfg = Release|x64
		{1607DDB1-D02A-4418-8653-7C7230BD25E6}.Release|x64.Build.0 = Release|x64
		{1607DDB1-D02A-4418-8653-7C7230BD25E6}.Release|x86.ActiveCfg = Release|Win32
		{1607DDB1-D02A-4418-8653-7C7230BD25E6}.Release|x86.Build.0 = Release|Win32
		{18A6E9E3-A5FF-4F07-8DEB-37CB03ED9E39}.Debug|x64.ActiveCfg = Debug|x64
		{18A6E9E3-A5FF-4F07-8DEB-37CB03ED9E39}.Debug|x64.Build.0 = Debug|x64
		{18A6E9E3-A5FF-4F07-8DEB-37CB03ED9E39}.Debug|x86.ActiveCfg = Debug|Win32
		{18A6E9E3-A5FF-4F07-8DEB-37CB03ED9E39}.Debug|x86.Build.0 = Debug|Win32
		{18A6E9E3-A5FF-4F07-8DEB-37CB03ED9E39}.Release|x64.ActiveCfg = Release|x64
		{18A6E9E3-A5FF-4F07-8DEB-37CB03ED9E39}.Release|x64.Build.0 = Release|x64
		{18A6E9E3-A5FF-4F07-8DEB-37CB03ED9E39}.Release|x86.ActiveCfg = Release|Win32
		{18A6E9E3-A5FF-4F07-8DEB-37CB03ED9E39}.Release|x86.Build.0 = Release|Win32
		{D1FD94C9-B493-447F-B5CC-035E007631A6}.Debug|x64.ActiveCfg = Debug|x64
		{D1FD94C9-B493-447F-B5CC-035E007631A6}.Debug|x64.Build.0 = Debug|x64
		{D1FD94C9-B493-447F-B5CC-035E007631A6}.Debug|x86.ActiveCfg = Debug|Win32
		{D1FD94C9-B493-447F-B5CC-035E007631A6}.Debug|x86.Build.0 = Debug|Win32
		{D1FD94C9-B493-447F-B5CC-035E007631A6}.Release|x64.ActiveCfg = Release|x64
		{D1FD94C9-B493-447F-B5CC-035E007631A6}.Release|x64.Build.0 = Release|x64
		{D1FD94C9-B493-447F-B5CC-035E007631A6}.Release|x86.ActiveCfg = Release|Win32
		{D1FD94C9-B493-447F-B5CC-035E007631A6}.Release|x86.Build.0 = Release|Win32
		{3DCD8DEB-7EBA-488B-B67A-2AE956368D5C}.Debug|x64.ActiveCfg = Debug|x64
		{3DCD8DEB-7EBA-488B-B67A-2AE956368D5C}.Debug|x64.Build.0 = Debug|x64
		{3DCD8DEB-7EBA-488B-B67A-2AE956368D5C}.Debug|x86.ActiveCfg = Debug|Win32
		{3DCD8DEB-7EBA-488B-B67A-2AE956368D5C}.Debug|x86.Build.0 = Debug|Win32
		{3DCD8DEB-7EBA-488B-B67A-2AE956368D5C}.Release|x64.ActiveCfg = Release|x64
		{3DCD8DEB-7EBA-488B-B67A-2AE956368D5C}.Release|x64.Build.0 = Release|x64
		{3DCD8DEB-7EBA-488B-B67A-2AE956368D5C}.Release|x86.ActiveCfg = Release|Win32
		{3DCD8DEB-7EBA-488B-B67A-2AE956368D5C}.Release|x86.Build.0 = Release|Win32
		{6C8BDAD6-87F3-40FD-9B06-87056A94D2CF}.Debug|x64.ActiveCfg = Debug|x64
		{6C8BDAD6-87F3-40FD-9B06-87056A94D2CF}.Debug|x64.Build.0 = Debug|x64
		{6C8BDAD6-87F3-40FD-9B06-87056A94D2CF}.Debug|x86.ActiveCfg = Debug|Win32
		{6C8BDAD6-87F3-40FD-9B06-87056A94D2CF}.Debug|x86.Build.0 = Debug|Win32
		{6C8BDAD6-87F3-40FD-9B06-87056A94D2CF}.Release|x64.ActiveCfg = Release|x64
		{6C8BDAD6-87F3-40FD-9B06-87056A94D2CF}.Release|x64.Build.0 = Release|x64
		{6C8BDAD6-87F3-40FD-9B06-87056A94D2CF}.Release|x86.ActiveCfg = Release|Win32
		{6C8BDAD6-87F3-40FD-9B06-87056A94D2CF}.Release|x86.Build.0 = Release|Win32
	EndGlobalSection
	GlobalSection(SolutionProperties) = preSolution
		HideSolutionNode = FALSE
	EndGlobalSection
	GlobalSection(NestedProjects) = preSolution
		{0890DAB3-D07F-4B26-971C-085A00CB30CF} = {26485543-5823-4739-9AA8-EE3A286B08D4}
		{454A1057-6130-4916-8C8C-8C610B80FC0C} = {26485543-5823-4739-9AA8-EE3A286B08D4}
		{D84C3EE3-04C6-4A4D-A423-E17544C0021E} = {26485543-5823-4739-9AA8-EE3A286B08D4}
		{046667B1-F8F5-49EA-AE35-5A9774793951} = {26485543-5823-4739-9AA8-EE3A286B08D4}
		{281E2922-13D2-4D45-8141-3E35B7E0E185} = {26485543-5823-4739-9AA8-EE3A286B08D4}
		{65DD74A6-6521-42B3-B751-52A79A4584E6} = {26485543-5823-4739-9AA8-EE3A286B08D4}
		{CC56DB33-5989-4A60-995F-607932AE7A0A} = {26485543-5823-4739-9AA8-EE3A286B08D4}
		{F5E16929-638E-4DDA-B76B-99B6A07953D1} = {26485543-5823-4739-9AA8-EE3A286B08D4}
		{252B2485-8ED5-4885-87D8-4E87E3332582} = {26485543-5823-4739-9AA8-EE3A286B08D4}
		{7C0CBC0A-8CBD-4729-BFB1-DE747FC083DE} = {26485543-5823-4739-9AA8-EE3A286B08D4}
		{438674F6-6752-4C1A-9F13-B600A34A1E95} = {26485543-5823-4739-9AA8-EE3A286B08D4}
		{C1C1EF7F-D4E6-4F7E-A00F-588A13B51586} = {BA7D6354-248A-4220-B5B4-D9A4AA2E6392}
		{CA5525AB-B09E-45D3-8ECB-75773FB73E80} = {BA7D6354-248A-4220-B5B4-D9A4AA2E6392}
		{0D6D9A40-D96A-4038-BE11-F526346E4E94} = {BA7D6354-248A-4220-B5B4-D9A4AA2E6392}
		{73113DF5-8422-4C08-8A76-E71C6307AF81} = {BA7D6354-248A-4220-B5B4-D9A4AA2E6392}
		{E53680F0-CD1C-4E10-8850-9D9BD5BD3BE6} = {BA7D6354-248A-4220-B5B4-D9A4AA2E6392}
		{0C76C88D-552A-4E76-8B88-96F40D317DF7} = {7716A47F-B94E-4EE1-8C08-B91D5877D4E1}
		{1607DDB1-D02A-4418-8653-7C7230BD25E6} = {7716A47F-B94E-4EE1-8C08-B91D5877D4E1}
		{18A6E9E3-A5FF-4F07-8DEB-37CB03ED9E39} = {1E7A1C04-C394-4852-9011-FCD79D29F4AA}
		{D1FD94C9-B493-447F-B5CC-035E007631A6} = {025EC1F7-1B33-4D04-8189-8A58412D2AC0}
		{3DCD8DEB-7EBA-488B-B67A-2AE956368D5C} = {108155FC-03E9-4A60-A9E5-FBB328B34DAD}
		{6C8BDAD6-87F3-40FD-9B06-87056A94D2CF} = {26485543-5823-4739-9AA8-EE3A286B08D4}
	EndGlobalSection
	GlobalSection(ExtensibilityGlobals) = postSolution
		SolutionGuid = {F9137EC8-2009-453B-BA59-DED80DF508FF}
	EndGlobalSection
EndGlobal
