
Microsoft Visual Studio Solution File, Format Version 12.00
# Visual Studio Version 16
VisualStudioVersion = 16.0.31019.35
MinimumVisualStudioVersion = 10.0.40219.1
Project("{8BC9CEB8-8B4A-11D0-8D11-00A0C91BC942}") = "Remove Duplicates from Sorted Array", "Remove Duplicates from Sorted Array\Remove Duplicates from Sorted Array.vcxproj", "{0890DAB3-D07F-4B26-971C-085A00CB30CF}"
EndProject
Project("{8BC9CEB8-8B4A-11D0-8D11-00A0C91BC942}") = "Best Time to Buy and Sell Stock II", "Best Time to Buy and Sell Stock II\Best Time to Buy and Sell Stock II.vcxproj", "{454A1057-6130-4916-8C8C-8C610B80FC0C}"
EndProject
Project("{8BC9CEB8-8B4A-11D0-8D11-00A0C91BC942}") = "Rotate Array", "Rotate Array\Rotate Array.vcxproj", "{D84C3EE3-04C6-4A4D-A423-E17544C0021E}"
EndProject
Project("{8BC9CEB8-8B4A-11D0-8D11-00A0C91BC942}") = "Contains Duplicate", "Contains Duplicate\Contains Duplicate.vcxproj", "{046667B1-F8F5-49EA-AE35-5A9774793951}"
EndProject
Project("{8BC9CEB8-8B4A-11D0-8D11-00A0C91BC942}") = "Single Number", "Single Number\Single Number.vcxproj", "{281E2922-13D2-4D45-8141-3E35B7E0E185}"
EndProject
Project("{8BC9CEB8-8B4A-11D0-8D11-00A0C91BC942}") = "Intersection of Two Arrays II", "Intersection of Two Arrays II\Intersection of Two Arrays II.vcxproj", "{65DD74A6-6521-42B3-B751-52A79A4584E6}"
EndProject
Project("{8BC9CEB8-8B4A-11D0-8D11-00A0C91BC942}") = "Plus One", "Plus One\Plus One.vcxproj", "{CC56DB33-5989-4A60-995F-607932AE7A0A}"
EndProject
Project("{8BC9CEB8-8B4A-11D0-8D11-00A0C91BC942}") = "Move Zeroes", "Move Zeroes\Move Zeroes.vcxproj", "{F5E16929-638E-4DDA-B76B-99B6A07953D1}"
EndProject
Project("{8BC9CEB8-8B4A-11D0-8D11-00A0C91BC942}") = "Two Sum", "Two Sum\Two Sum.vcxproj", "{252B2485-8ED5-4885-87D8-4E87E3332582}"
EndProject
Project("{8BC9CEB8-8B4A-11D0-8D11-00A0C91BC942}") = "Valid Sudoku", "Valid Sudoku\Valid Sudoku.vcxproj", "{7C0CBC0A-8CBD-4729-BFB1-DE747FC083DE}"
EndProject
Project("{8BC9CEB8-8B4A-11D0-8D11-00A0C91BC942}") = "Rotate Image", "Rotate Image\Rotate Image.vcxproj", "{438674F6-6752-4C1A-9F13-B600A34A1E95}"
EndProject
Global
	GlobalSection(SolutionConfigurationPlatforms) = preSolution
		Debug|x64 = Debug|x64
		Debug|x86 = Debug|x86
		Release|x64 = Release|x64
		Release|x86 = Release|x86
	EndGlobalSection
	GlobalSection(ProjectConfigurationPlatforms) = postSolution
		{0890DAB3-D07F-4B26-971C-085A00CB30CF}.Debug|x64.ActiveCfg = Debug|x64
		{0890DAB3-D07F-4B26-971C-085A00CB30CF}.Debug|x64.Build.0 = Debug|x64
		{0890DAB3-D07F-4B26-971C-085A00CB30CF}.Debug|x86.ActiveCfg = Debug|Win32
		{0890DAB3-D07F-4B26-971C-085A00CB30CF}.Debug|x86.Build.0 = Debug|Win32
		{0890DAB3-D07F-4B26-971C-085A00CB30CF}.Release|x64.ActiveCfg = Release|x64
		{0890DAB3-D07F-4B26-971C-085A00CB30CF}.Release|x64.Build.0 = Release|x64
		{0890DAB3-D07F-4B26-971C-085A00CB30CF}.Release|x86.ActiveCfg = Release|Win32
		{0890DAB3-D07F-4B26-971C-085A00CB30CF}.Release|x86.Build.0 = Release|Win32
		{454A1057-6130-4916-8C8C-8C610B80FC0C}.Debug|x64.ActiveCfg = Debug|x64
		{454A1057-6130-4916-8C8C-8C610B80FC0C}.Debug|x64.Build.0 = Debug|x64
		{454A1057-6130-4916-8C8C-8C610B80FC0C}.Debug|x86.ActiveCfg = Debug|Win32
		{454A1057-6130-4916-8C8C-8C610B80FC0C}.Debug|x86.Build.0 = Debug|Win32
		{454A1057-6130-4916-8C8C-8C610B80FC0C}.Release|x64.ActiveCfg = Release|x64
		{454A1057-6130-4916-8C8C-8C610B80FC0C}.Release|x64.Build.0 = Release|x64
		{454A1057-6130-4916-8C8C-8C610B80FC0C}.Release|x86.ActiveCfg = Release|Win32
		{454A1057-6130-4916-8C8C-8C610B80FC0C}.Release|x86.Build.0 = Release|Win32
		{D84C3EE3-04C6-4A4D-A423-E17544C0021E}.Debug|x64.ActiveCfg = Debug|x64
		{D84C3EE3-04C6-4A4D-A423-E17544C0021E}.Debug|x64.Build.0 = Debug|x64
		{D84C3EE3-04C6-4A4D-A423-E17544C0021E}.Debug|x86.ActiveCfg = Debug|Win32
		{D84C3EE3-04C6-4A4D-A423-E17544C0021E}.Debug|x86.Build.0 = Debug|Win32
		{D84C3EE3-04C6-4A4D-A423-E17544C0021E}.Release|x64.ActiveCfg = Release|x64
		{D84C3EE3-04C6-4A4D-A423-E17544C0021E}.Release|x64.Build.0 = Release|x64
		{D84C3EE3-04C6-4A4D-A423-E17544C0021E}.Release|x86.ActiveCfg = Release|Win32
		{D84C3EE3-04C6-4A4D-A423-E17544C0021E}.Release|x86.Build.0 = Release|Win32
		{046667B1-F8F5-49EA-AE35-5A9774793951}.Debug|x64.ActiveCfg = Debug|x64
		{046667B1-F8F5-49EA-AE35-5A9774793951}.Debug|x64.Build.0 = Debug|x64
		{046667B1-F8F5-49EA-AE35-5A9774793951}.Debug|x86.ActiveCfg = Debug|Win32
		{046667B1-F8F5-49EA-AE35-5A9774793951}.Debug|x86.Build.0 = Debug|Win32
		{046667B1-F8F5-49EA-AE35-5A9774793951}.Release|x64.ActiveCfg = Release|x64
		{046667B1-F8F5-49EA-AE35-5A9774793951}.Release|x64.Build.0 = Release|x64
		{046667B1-F8F5-49EA-AE35-5A9774793951}.Release|x86.ActiveCfg = Release|Win32
		{046667B1-F8F5-49EA-AE35-5A9774793951}.Release|x86.Build.0 = Release|Win32
		{281E2922-13D2-4D45-8141-3E35B7E0E185}.Debug|x64.ActiveCfg = Debug|x64
		{281E2922-13D2-4D45-8141-3E35B7E0E185}.Debug|x64.Build.0 = Debug|x64
		{281E2922-13D2-4D45-8141-3E35B7E0E185}.Debug|x86.ActiveCfg = Debug|Win32
		{281E2922-13D2-4D45-8141-3E35B7E0E185}.Debug|x86.Build.0 = Debug|Win32
		{281E2922-13D2-4D45-8141-3E35B7E0E185}.Release|x64.ActiveCfg = Release|x64
		{281E2922-13D2-4D45-8141-3E35B7E0E185}.Release|x64.Build.0 = Release|x64
		{281E2922-13D2-4D45-8141-3E35B7E0E185}.Release|x86.ActiveCfg = Release|Win32
		{281E2922-13D2-4D45-8141-3E35B7E0E185}.Release|x86.Build.0 = Release|Win32
		{65DD74A6-6521-42B3-B751-52A79A4584E6}.Debug|x64.ActiveCfg = Debug|x64
		{65DD74A6-6521-42B3-B751-52A79A4584E6}.Debug|x64.Build.0 = Debug|x64
		{65DD74A6-6521-42B3-B751-52A79A4584E6}.Debug|x86.ActiveCfg = Debug|Win32
		{65DD74A6-6521-42B3-B751-52A79A4584E6}.Debug|x86.Build.0 = Debug|Win32
		{65DD74A6-6521-42B3-B751-52A79A4584E6}.Release|x64.ActiveCfg = Release|x64
		{65DD74A6-6521-42B3-B751-52A79A4584E6}.Release|x64.Build.0 = Release|x64
		{65DD74A6-6521-42B3-B751-52A79A4584E6}.Release|x86.ActiveCfg = Release|Win32
		{65DD74A6-6521-42B3-B751-52A79A4584E6}.Release|x86.Build.0 = Release|Win32
		{CC56DB33-5989-4A60-995F-607932AE7A0A}.Debug|x64.ActiveCfg = Debug|x64
		{CC56DB33-5989-4A60-995F-607932AE7A0A}.Debug|x64.Build.0 = Debug|x64
		{CC56DB33-5989-4A60-995F-607932AE7A0A}.Debug|x86.ActiveCfg = Debug|Win32
		{CC56DB33-5989-4A60-995F-607932AE7A0A}.Debug|x86.Build.0 = Debug|Win32
		{CC56DB33-5989-4A60-995F-607932AE7A0A}.Release|x64.ActiveCfg = Release|x64
		{CC56DB33-5989-4A60-995F-607932AE7A0A}.Release|x64.Build.0 = Release|x64
		{CC56DB33-5989-4A60-995F-607932AE7A0A}.Release|x86.ActiveCfg = Release|Win32
		{CC56DB33-5989-4A60-995F-607932AE7A0A}.Release|x86.Build.0 = Release|Win32
		{F5E16929-638E-4DDA-B76B-99B6A07953D1}.Debug|x64.ActiveCfg = Debug|x64
		{F5E16929-638E-4DDA-B76B-99B6A07953D1}.Debug|x64.Build.0 = Debug|x64
		{F5E16929-638E-4DDA-B76B-99B6A07953D1}.Debug|x86.ActiveCfg = Debug|Win32
		{F5E16929-638E-4DDA-B76B-99B6A07953D1}.Debug|x86.Build.0 = Debug|Win32
		{F5E16929-638E-4DDA-B76B-99B6A07953D1}.Release|x64.ActiveCfg = Release|x64
		{F5E16929-638E-4DDA-B76B-99B6A07953D1}.Release|x64.Build.0 = Release|x64
		{F5E16929-638E-4DDA-B76B-99B6A07953D1}.Release|x86.ActiveCfg = Release|Win32
		{F5E16929-638E-4DDA-B76B-99B6A07953D1}.Release|x86.Build.0 = Release|Win32
		{252B2485-8ED5-4885-87D8-4E87E3332582}.Debug|x64.ActiveCfg = Debug|x64
		{252B2485-8ED5-4885-87D8-4E87E3332582}.Debug|x64.Build.0 = Debug|x64
		{252B2485-8ED5-4885-87D8-4E87E3332582}.Debug|x86.ActiveCfg = Debug|Win32
		{252B2485-8ED5-4885-87D8-4E87E3332582}.Debug|x86.Build.0 = Debug|Win32
		{252B2485-8ED5-4885-87D8-4E87E3332582}.Release|x64.ActiveCfg = Release|x64
		{252B2485-8ED5-4885-87D8-4E87E3332582}.Release|x64.Build.0 = Release|x64
		{252B2485-8ED5-4885-87D8-4E87E3332582}.Release|x86.ActiveCfg = Release|Win32
		{252B2485-8ED5-4885-87D8-4E87E3332582}.Release|x86.Build.0 = Release|Win32
		{7C0CBC0A-8CBD-4729-BFB1-DE747FC083DE}.Debug|x64.ActiveCfg = Debug|x64
		{7C0CBC0A-8CBD-4729-BFB1-DE747FC083DE}.Debug|x64.Build.0 = Debug|x64
		{7C0CBC0A-8CBD-4729-BFB1-DE747FC083DE}.Debug|x86.ActiveCfg = Debug|Win32
		{7C0CBC0A-8CBD-4729-BFB1-DE747FC083DE}.Debug|x86.Build.0 = Debug|Win32
		{7C0CBC0A-8CBD-4729-BFB1-DE747FC083DE}.Release|x64.ActiveCfg = Release|x64
		{7C0CBC0A-8CBD-4729-BFB1-DE747FC083DE}.Release|x64.Build.0 = Release|x64
		{7C0CBC0A-8CBD-4729-BFB1-DE747FC083DE}.Release|x86.ActiveCfg = Release|Win32
		{7C0CBC0A-8CBD-4729-BFB1-DE747FC083DE}.Release|x86.Build.0 = Release|Win32
		{438674F6-6752-4C1A-9F13-B600A34A1E95}.Debug|x64.ActiveCfg = Debug|x64
		{438674F6-6752-4C1A-9F13-B600A34A1E95}.Debug|x64.Build.0 = Debug|x64
		{438674F6-6752-4C1A-9F13-B600A34A1E95}.Debug|x86.ActiveCfg = Debug|Win32
		{438674F6-6752-4C1A-9F13-B600A34A1E95}.Debug|x86.Build.0 = Debug|Win32
		{438674F6-6752-4C1A-9F13-B600A34A1E95}.Release|x64.ActiveCfg = Release|x64
		{438674F6-6752-4C1A-9F13-B600A34A1E95}.Release|x64.Build.0 = Release|x64
		{438674F6-6752-4C1A-9F13-B600A34A1E95}.Release|x86.ActiveCfg = Release|Win32
		{438674F6-6752-4C1A-9F13-B600A34A1E95}.Release|x86.Build.0 = Release|Win32
	EndGlobalSection
	GlobalSection(SolutionProperties) = preSolution
		HideSolutionNode = FALSE
	EndGlobalSection
	GlobalSection(ExtensibilityGlobals) = postSolution
		SolutionGuid = {F9137EC8-2009-453B-BA59-DED80DF508FF}
	EndGlobalSection
EndGlobal
